
Microsoft Visual Studio Solution File, Format Version 12.00
# Visual Studio Version 17
VisualStudioVersion = 17.0.31903.59
MinimumVisualStudioVersion = 10.0.40219.1
Project("{2150E333-8FDC-42A3-9474-1A3956D46DE8}") = "src", "src", "{9F1A2EA7-EF16-4FD5-88B1-EB31D15E4A73}"
EndProject
Project("{FAE04EC0-301F-11D3-BF4B-00C04F79EFBC}") = "Aris.Core", "src\Aris.Core\Aris.Core.csproj", "{B7A676F0-8611-43D4-B24D-90D3C81A2A5B}"
EndProject
Project("{FAE04EC0-301F-11D3-BF4B-00C04F79EFBC}") = "Aris.Application", "src\Aris.Application\Aris.Application.csproj", "{999310CD-84D6-4D68-9224-66E46F793499}"
EndProject
Project("{FAE04EC0-301F-11D3-BF4B-00C04F79EFBC}") = "Aris.Infrastructure", "src\Aris.Infrastructure\Aris.Infrastructure.csproj", "{D8BED791-ACF8-428D-A081-88DC26A096E6}"
EndProject
Project("{FAE04EC0-301F-11D3-BF4B-00C04F79EFBC}") = "Aris.Adapters", "src\Aris.Adapters\Aris.Adapters.csproj", "{77615068-E9FC-4D92-AD1C-9A4AAC83CDC6}"
EndProject
Project("{FAE04EC0-301F-11D3-BF4B-00C04F79EFBC}") = "Aris.Contracts", "src\Aris.Contracts\Aris.Contracts.csproj", "{D5CAB5D8-05DD-41CB-9388-C4A35EA2D9BF}"
EndProject
Project("{FAE04EC0-301F-11D3-BF4B-00C04F79EFBC}") = "Aris.Tools", "src\Aris.Tools\Aris.Tools.csproj", "{8A09432C-AB1A-4B70-B37A-EBEADF3D730E}"
EndProject
Project("{FAE04EC0-301F-11D3-BF4B-00C04F79EFBC}") = "Aris.Hosting", "src\Aris.Hosting\Aris.Hosting.csproj", "{C689B4BA-5364-4DC1-8E85-911BC602D65C}"
EndProject
Project("{FAE04EC0-301F-11D3-BF4B-00C04F79EFBC}") = "ARIS.UI", "src\ARIS.UI\ARIS.UI.csproj", "{3E46477E-4690-482D-99B8-CE7AEBFDCD45}"
EndProject
Project("{2150E333-8FDC-42A3-9474-1A3956D46DE8}") = "tests", "tests", "{9433146D-71C1-45F4-8FDB-CC8D93015A95}"
EndProject
Project("{FAE04EC0-301F-11D3-BF4B-00C04F79EFBC}") = "Aris.Core.Tests", "tests\Aris.Core.Tests\Aris.Core.Tests.csproj", "{93FCA795-021A-417F-9AC4-DD3FBD1F22BB}"
EndProject
Project("{FAE04EC0-301F-11D3-BF4B-00C04F79EFBC}") = "ARIS.UI.Tests", "tests\ARIS.UI.Tests\ARIS.UI.Tests.csproj", "{4FE56182-264F-4D86-987D-49CE7C7DBEA6}"
EndProject
Project("{2150E333-8FDC-42A3-9474-1A3956D46DE8}") = "tools", "tools", "{7BE16D98-BDA6-4EE0-82EF-2A011DB0FC66}"
EndProject
Project("{FAE04EC0-301F-11D3-BF4B-00C04F79EFBC}") = "Aris.ToolDocsGen", "tools\Aris.ToolDocsGen\Aris.ToolDocsGen.csproj", "{C744FA10-727B-44B0-B627-551BB45B40D9}"
EndProject
Global
	GlobalSection(SolutionConfigurationPlatforms) = preSolution
		Debug|Any CPU = Debug|Any CPU
		Release|Any CPU = Release|Any CPU
	EndGlobalSection
	GlobalSection(SolutionProperties) = preSolution
		HideSolutionNode = FALSE
	EndGlobalSection
	GlobalSection(ProjectConfigurationPlatforms) = postSolution
		{B7A676F0-8611-43D4-B24D-90D3C81A2A5B}.Debug|Any CPU.ActiveCfg = Debug|Any CPU
		{B7A676F0-8611-43D4-B24D-90D3C81A2A5B}.Debug|Any CPU.Build.0 = Debug|Any CPU
		{B7A676F0-8611-43D4-B24D-90D3C81A2A5B}.Release|Any CPU.ActiveCfg = Release|Any CPU
		{B7A676F0-8611-43D4-B24D-90D3C81A2A5B}.Release|Any CPU.Build.0 = Release|Any CPU
		{999310CD-84D6-4D68-9224-66E46F793499}.Debug|Any CPU.ActiveCfg = Debug|Any CPU
		{999310CD-84D6-4D68-9224-66E46F793499}.Debug|Any CPU.Build.0 = Debug|Any CPU
		{999310CD-84D6-4D68-9224-66E46F793499}.Release|Any CPU.ActiveCfg = Release|Any CPU
		{999310CD-84D6-4D68-9224-66E46F793499}.Release|Any CPU.Build.0 = Release|Any CPU
		{D8BED791-ACF8-428D-A081-88DC26A096E6}.Debug|Any CPU.ActiveCfg = Debug|Any CPU
		{D8BED791-ACF8-428D-A081-88DC26A096E6}.Debug|Any CPU.Build.0 = Debug|Any CPU
		{D8BED791-ACF8-428D-A081-88DC26A096E6}.Release|Any CPU.ActiveCfg = Release|Any CPU
		{D8BED791-ACF8-428D-A081-88DC26A096E6}.Release|Any CPU.Build.0 = Release|Any CPU
		{77615068-E9FC-4D92-AD1C-9A4AAC83CDC6}.Debug|Any CPU.ActiveCfg = Debug|Any CPU
		{77615068-E9FC-4D92-AD1C-9A4AAC83CDC6}.Debug|Any CPU.Build.0 = Debug|Any CPU
		{77615068-E9FC-4D92-AD1C-9A4AAC83CDC6}.Release|Any CPU.ActiveCfg = Release|Any CPU
		{77615068-E9FC-4D92-AD1C-9A4AAC83CDC6}.Release|Any CPU.Build.0 = Release|Any CPU
		{D5CAB5D8-05DD-41CB-9388-C4A35EA2D9BF}.Debug|Any CPU.ActiveCfg = Debug|Any CPU
		{D5CAB5D8-05DD-41CB-9388-C4A35EA2D9BF}.Debug|Any CPU.Build.0 = Debug|Any CPU
		{D5CAB5D8-05DD-41CB-9388-C4A35EA2D9BF}.Release|Any CPU.ActiveCfg = Release|Any CPU
		{D5CAB5D8-05DD-41CB-9388-C4A35EA2D9BF}.Release|Any CPU.Build.0 = Release|Any CPU
		{8A09432C-AB1A-4B70-B37A-EBEADF3D730E}.Debug|Any CPU.ActiveCfg = Debug|Any CPU
		{8A09432C-AB1A-4B70-B37A-EBEADF3D730E}.Debug|Any CPU.Build.0 = Debug|Any CPU
		{8A09432C-AB1A-4B70-B37A-EBEADF3D730E}.Release|Any CPU.ActiveCfg = Release|Any CPU
		{8A09432C-AB1A-4B70-B37A-EBEADF3D730E}.Release|Any CPU.Build.0 = Release|Any CPU
		{C689B4BA-5364-4DC1-8E85-911BC602D65C}.Debug|Any CPU.ActiveCfg = Debug|Any CPU
		{C689B4BA-5364-4DC1-8E85-911BC602D65C}.Debug|Any CPU.Build.0 = Debug|Any CPU
		{C689B4BA-5364-4DC1-8E85-911BC602D65C}.Release|Any CPU.ActiveCfg = Release|Any CPU
		{C689B4BA-5364-4DC1-8E85-911BC602D65C}.Release|Any CPU.Build.0 = Release|Any CPU
		{3E46477E-4690-482D-99B8-CE7AEBFDCD45}.Debug|Any CPU.ActiveCfg = Debug|Any CPU
		{3E46477E-4690-482D-99B8-CE7AEBFDCD45}.Debug|Any CPU.Build.0 = Debug|Any CPU
		{3E46477E-4690-482D-99B8-CE7AEBFDCD45}.Release|Any CPU.ActiveCfg = Release|Any CPU
		{3E46477E-4690-482D-99B8-CE7AEBFDCD45}.Release|Any CPU.Build.0 = Release|Any CPU
		{93FCA795-021A-417F-9AC4-DD3FBD1F22BB}.Debug|Any CPU.ActiveCfg = Debug|Any CPU
		{93FCA795-021A-417F-9AC4-DD3FBD1F22BB}.Debug|Any CPU.Build.0 = Debug|Any CPU
		{93FCA795-021A-417F-9AC4-DD3FBD1F22BB}.Release|Any CPU.ActiveCfg = Release|Any CPU
		{93FCA795-021A-417F-9AC4-DD3FBD1F22BB}.Release|Any CPU.Build.0 = Release|Any CPU
		{4FE56182-264F-4D86-987D-49CE7C7DBEA6}.Debug|Any CPU.ActiveCfg = Debug|Any CPU
		{4FE56182-264F-4D86-987D-49CE7C7DBEA6}.Debug|Any CPU.Build.0 = Debug|Any CPU
		{4FE56182-264F-4D86-987D-49CE7C7DBEA6}.Release|Any CPU.ActiveCfg = Release|Any CPU
		{4FE56182-264F-4D86-987D-49CE7C7DBEA6}.Release|Any CPU.Build.0 = Release|Any CPU
		{C744FA10-727B-44B0-B627-551BB45B40D9}.Debug|Any CPU.ActiveCfg = Debug|Any CPU
		{C744FA10-727B-44B0-B627-551BB45B40D9}.Debug|Any CPU.Build.0 = Debug|Any CPU
		{C744FA10-727B-44B0-B627-551BB45B40D9}.Release|Any CPU.ActiveCfg = Release|Any CPU
		{C744FA10-727B-44B0-B627-551BB45B40D9}.Release|Any CPU.Build.0 = Release|Any CPU
	EndGlobalSection
	GlobalSection(NestedProjects) = preSolution
		{B7A676F0-8611-43D4-B24D-90D3C81A2A5B} = {9F1A2EA7-EF16-4FD5-88B1-EB31D15E4A73}
		{999310CD-84D6-4D68-9224-66E46F793499} = {9F1A2EA7-EF16-4FD5-88B1-EB31D15E4A73}
		{D8BED791-ACF8-428D-A081-88DC26A096E6} = {9F1A2EA7-EF16-4FD5-88B1-EB31D15E4A73}
		{77615068-E9FC-4D92-AD1C-9A4AAC83CDC6} = {9F1A2EA7-EF16-4FD5-88B1-EB31D15E4A73}
		{D5CAB5D8-05DD-41CB-9388-C4A35EA2D9BF} = {9F1A2EA7-EF16-4FD5-88B1-EB31D15E4A73}
		{8A09432C-AB1A-4B70-B37A-EBEADF3D730E} = {9F1A2EA7-EF16-4FD5-88B1-EB31D15E4A73}
		{C689B4BA-5364-4DC1-8E85-911BC602D65C} = {9F1A2EA7-EF16-4FD5-88B1-EB31D15E4A73}
		{3E46477E-4690-482D-99B8-CE7AEBFDCD45} = {9F1A2EA7-EF16-4FD5-88B1-EB31D15E4A73}
		{93FCA795-021A-417F-9AC4-DD3FBD1F22BB} = {9433146D-71C1-45F4-8FDB-CC8D93015A95}
		{4FE56182-264F-4D86-987D-49CE7C7DBEA6} = {9433146D-71C1-45F4-8FDB-CC8D93015A95}
		{C744FA10-727B-44B0-B627-551BB45B40D9} = {7BE16D98-BDA6-4EE0-82EF-2A011DB0FC66}
	EndGlobalSection
EndGlobal
